// !$*UTF8*$!
{
	archiveVersion = 1;
	classes = {
	};
	objectVersion = 77;
	objects = {

/* Begin PBXContainerItemProxy section */
		D662710E2E6C0D9E0050066D /* PBXContainerItemProxy */ = {
			isa = PBXContainerItemProxy;
			containerPortal = D66270F82E6C0D9B0050066D /* Project object */;
			proxyType = 1;
			remoteGlobalIDString = D66270FF2E6C0D9B0050066D;
			remoteInfo = MatrixRainEffect;
		};
		D66271182E6C0D9E0050066D /* PBXContainerItemProxy */ = {
			isa = PBXContainerItemProxy;
			containerPortal = D66270F82E6C0D9B0050066D /* Project object */;
			proxyType = 1;
			remoteGlobalIDString = D66270FF2E6C0D9B0050066D;
			remoteInfo = MatrixRainEffect;
		};
/* End PBXContainerItemProxy section */

/* Begin PBXFileReference section */
		D66271002E6C0D9B0050066D /* MatrixRainEffect.app */ = {isa = PBXFileReference; explicitFileType = wrapper.application; includeInIndex = 0; path = MatrixRainEffect.app; sourceTree = BUILT_PRODUCTS_DIR; };
		D662710D2E6C0D9E0050066D /* MatrixRainEffectTests.xctest */ = {isa = PBXFileReference; explicitFileType = wrapper.cfbundle; includeInIndex = 0; path = MatrixRainEffectTests.xctest; sourceTree = BUILT_PRODUCTS_DIR; };
		D66271172E6C0D9E0050066D /* MatrixRainEffectUITests.xctest */ = {isa = PBXFileReference; explicitFileType = wrapper.cfbundle; includeInIndex = 0; path = MatrixRainEffectUITests.xctest; sourceTree = BUILT_PRODUCTS_DIR; };
/* End PBXFileReference section */

/* Begin PBXFileSystemSynchronizedRootGroup section */
		D66271022E6C0D9B0050066D /* MatrixRainEffect */ = {
			isa = PBXFileSystemSynchronizedRootGroup;
			path = MatrixRainEffect;
			sourceTree = "<group>";
		};
		D66271102E6C0D9E0050066D /* MatrixRainEffectTests */ = {
			isa = PBXFileSystemSynchronizedRootGroup;
			path = MatrixRainEffectTests;
			sourceTree = "<group>";
		};
		D662711A2E6C0D9E0050066D /* MatrixRainEffectUITests */ = {
			isa = PBXFileSystemSynchronizedRootGroup;
			path = MatrixRainEffectUITests;
			sourceTree = "<group>";
		};
/* End PBXFileSystemSynchronizedRootGroup section */

/* Begin PBXFrameworksBuildPhase section */
		D66270FD2E6C0D9B0050066D /* Frameworks */ = {
			isa = PBXFrameworksBuildPhase;
			buildActionMask = 2147483647;
			files = (
			);
			runOnlyForDeploymentPostprocessing = 0;
		};
		D662710A2E6C0D9E0050066D /* Frameworks */ = {
			isa = PBXFrameworksBuildPhase;
			buildActionMask = 2147483647;
			files = (
			);
			runOnlyForDeploymentPostprocessing = 0;
		};
		D66271142E6C0D9E0050066D /* Frameworks */ = {
			isa = PBXFrameworksBuildPhase;
			buildActionMask = 2147483647;
			files = (
			);
			runOnlyForDeploymentPostprocessing = 0;
		};
/* End PBXFrameworksBuildPhase section */

/* Begin PBXGroup section */
		D66270F72E6C0D9B0050066D = {
			isa = PBXGroup;
			children = (
				D66271022E6C0D9B0050066D /* MatrixRainEffect */,
				D66271102E6C0D9E0050066D /* MatrixRainEffectTests */,
				D662711A2E6C0D9E0050066D /* MatrixRainEffectUITests */,
				D66271012E6C0D9B0050066D /* Products */,
			);
			sourceTree = "<group>";
		};
		D66271012E6C0D9B0050066D /* Products */ = {
			isa = PBXGroup;
			children = (
				D66271002E6C0D9B0050066D /* MatrixRainEffect.app */,
				D662710D2E6C0D9E0050066D /* MatrixRainEffectTests.xctest */,
				D66271172E6C0D9E0050066D /* MatrixRainEffectUITests.xctest */,
			);
			name = Products;
			sourceTree = "<group>";
		};
/* End PBXGroup section */

/* Begin PBXNativeTarget section */
		D66270FF2E6C0D9B0050066D /* MatrixRainEffect */ = {
			isa = PBXNativeTarget;
			buildConfigurationList = D66271212E6C0D9E0050066D /* Build configuration list for PBXNativeTarget "MatrixRainEffect" */;
			buildPhases = (
				D66270FC2E6C0D9B0050066D /* Sources */,
				D66270FD2E6C0D9B0050066D /* Frameworks */,
				D66270FE2E6C0D9B0050066D /* Resources */,
			);
			buildRules = (
			);
			dependencies = (
			);
			fileSystemSynchronizedGroups = (
				D66271022E6C0D9B0050066D /* MatrixRainEffect */,
			);
			name = MatrixRainEffect;
			packageProductDependencies = (
			);
			productName = MatrixRainEffect;
			productReference = D66271002E6C0D9B0050066D /* MatrixRainEffect.app */;
			productType = "com.apple.product-type.application";
		};
		D662710C2E6C0D9E0050066D /* MatrixRainEffectTests */ = {
			isa = PBXNativeTarget;
			buildConfigurationList = D66271242E6C0D9E0050066D /* Build configuration list for PBXNativeTarget "MatrixRainEffectTests" */;
			buildPhases = (
				D66271092E6C0D9E0050066D /* Sources */,
				D662710A2E6C0D9E0050066D /* Frameworks */,
				D662710B2E6C0D9E0050066D /* Resources */,
			);
			buildRules = (
			);
			dependencies = (
				D662710F2E6C0D9E0050066D /* PBXTargetDependency */,
			);
			fileSystemSynchronizedGroups = (
				D66271102E6C0D9E0050066D /* MatrixRainEffectTests */,
			);
			name = MatrixRainEffectTests;
			packageProductDependencies = (
			);
			productName = MatrixRainEffectTests;
			productReference = D662710D2E6C0D9E0050066D /* MatrixRainEffectTests.xctest */;
			productType = "com.apple.product-type.bundle.unit-test";
		};
		D66271162E6C0D9E0050066D /* MatrixRainEffectUITests */ = {
			isa = PBXNativeTarget;
			buildConfigurationList = D66271272E6C0D9E0050066D /* Build configuration list for PBXNativeTarget "MatrixRainEffectUITests" */;
			buildPhases = (
				D66271132E6C0D9E0050066D /* Sources */,
				D66271142E6C0D9E0050066D /* Frameworks */,
				D66271152E6C0D9E0050066D /* Resources */,
			);
			buildRules = (
			);
			dependencies = (
				D66271192E6C0D9E0050066D /* PBXTargetDependency */,
			);
			fileSystemSynchronizedGroups = (
				D662711A2E6C0D9E0050066D /* MatrixRainEffectUITests */,
			);
			name = MatrixRainEffectUITests;
			packageProductDependencies = (
			);
			productName = MatrixRainEffectUITests;
			productReference = D66271172E6C0D9E0050066D /* MatrixRainEffectUITests.xctest */;
			productType = "com.apple.product-type.bundle.ui-testing";
		};
/* End PBXNativeTarget section */

/* Begin PBXProject section */
		D66270F82E6C0D9B0050066D /* Project object */ = {
			isa = PBXProject;
			attributes = {
				BuildIndependentTargetsInParallel = 1;
				LastSwiftUpdateCheck = 1640;
				LastUpgradeCheck = 1640;
				TargetAttributes = {
					D66270FF2E6C0D9B0050066D = {
						CreatedOnToolsVersion = 16.4;
					};
					D662710C2E6C0D9E0050066D = {
						CreatedOnToolsVersion = 16.4;
						TestTargetID = D66270FF2E6C0D9B0050066D;
					};
					D66271162E6C0D9E0050066D = {
						CreatedOnToolsVersion = 16.4;
						TestTargetID = D66270FF2E6C0D9B0050066D;
					};
				};
			};
			buildConfigurationList = D66270FB2E6C0D9B0050066D /* Build configuration list for PBXProject "MatrixRainEffect" */;
			developmentRegion = en;
			hasScannedForEncodings = 0;
			knownRegions = (
				en,
				Base,
			);
			mainGroup = D66270F72E6C0D9B0050066D;
			minimizedProjectReferenceProxies = 1;
			preferredProjectObjectVersion = 77;
			productRefGroup = D66271012E6C0D9B0050066D /* Products */;
			projectDirPath = "";
			projectRoot = "";
			targets = (
				D66270FF2E6C0D9B0050066D /* MatrixRainEffect */,
				D662710C2E6C0D9E0050066D /* MatrixRainEffectTests */,
				D66271162E6C0D9E0050066D /* MatrixRainEffectUITests */,
			);
		};
/* End PBXProject section */

/* Begin PBXResourcesBuildPhase section */
		D66270FE2E6C0D9B0050066D /* Resources */ = {
			isa = PBXResourcesBuildPhase;
			buildActionMask = 2147483647;
			files = (
			);
			runOnlyForDeploymentPostprocessing = 0;
		};
		D662710B2E6C0D9E0050066D /* Resources */ = {
			isa = PBXResourcesBuildPhase;
			buildActionMask = 2147483647;
			files = (
			);
			runOnlyForDeploymentPostprocessing = 0;
		};
		D66271152E6C0D9E0050066D /* Resources */ = {
			isa = PBXResourcesBuildPhase;
			buildActionMask = 2147483647;
			files = (
			);
			runOnlyForDeploymentPostprocessing = 0;
		};
/* End PBXResourcesBuildPhase section */

/* Begin PBXSourcesBuildPhase section */
		D66270FC2E6C0D9B0050066D /* Sources */ = {
			isa = PBXSourcesBuildPhase;
			buildActionMask = 2147483647;
			files = (
			);
			runOnlyForDeploymentPostprocessing = 0;
		};
		D66271092E6C0D9E0050066D /* Sources */ = {
			isa = PBXSourcesBuildPhase;
			buildActionMask = 2147483647;
			files = (
			);
			runOnlyForDeploymentPostprocessing = 0;
		};
		D66271132E6C0D9E0050066D /* Sources */ = {
			isa = PBXSourcesBuildPhase;
			buildActionMask = 2147483647;
			files = (
			);
			runOnlyForDeploymentPostprocessing = 0;
		};
/* End PBXSourcesBuildPhase section */

/* Begin PBXTargetDependency section */
		D662710F2E6C0D9E0050066D /* PBXTargetDependency */ = {
			isa = PBXTargetDependency;
			target = D66270FF2E6C0D9B0050066D /* MatrixRainEffect */;
			targetProxy = D662710E2E6C0D9E0050066D /* PBXContainerItemProxy */;
		};
		D66271192E6C0D9E0050066D /* PBXTargetDependency */ = {
			isa = PBXTargetDependency;
			target = D66270FF2E6C0D9B0050066D /* MatrixRainEffect */;
			targetProxy = D66271182E6C0D9E0050066D /* PBXContainerItemProxy */;
		};
/* End PBXTargetDependency section */

/* Begin XCBuildConfiguration section */
		D662711F2E6C0D9E0050066D /* Debug */ = {
			isa = XCBuildConfiguration;
			buildSettings = {
				ALWAYS_SEARCH_USER_PATHS = NO;
				ASSETCATALOG_COMPILER_GENERATE_SWIFT_ASSET_SYMBOL_EXTENSIONS = YES;
				CLANG_ANALYZER_NONNULL = YES;
				CLANG_ANALYZER_NUMBER_OBJECT_CONVERSION = YES_AGGRESSIVE;
				CLANG_CXX_LANGUAGE_STANDARD = "gnu++20";
				CLANG_ENABLE_MODULES = YES;
				CLANG_ENABLE_OBJC_ARC = YES;
				CLANG_ENABLE_OBJC_WEAK = YES;
				CLANG_WARN_BLOCK_CAPTURE_AUTORELEASING = YES;
				CLANG_WARN_BOOL_CONVERSION = YES;
				CLANG_WARN_COMMA = YES;
				CLANG_WARN_CONSTANT_CONVERSION = YES;
				CLANG_WARN_DEPRECATED_OBJC_IMPLEMENTATIONS = YES;
				CLANG_WARN_DIRECT_OBJC_ISA_USAGE = YES_ERROR;
				CLANG_WARN_DOCUMENTATION_COMMENTS = YES;
				CLANG_WARN_EMPTY_BODY = YES;
				CLANG_WARN_ENUM_CONVERSION = YES;
				CLANG_WARN_INFINITE_RECURSION = YES;
				CLANG_WARN_INT_CONVERSION = YES;
				CLANG_WARN_NON_LITERAL_NULL_CONVERSION = YES;
				CLANG_WARN_OBJC_IMPLICIT_RETAIN_SELF = YES;
				CLANG_WARN_OBJC_LITERAL_CONVERSION = YES;
				CLANG_WARN_OBJC_ROOT_CLASS = YES_ERROR;
				CLANG_WARN_QUOTED_INCLUDE_IN_FRAMEWORK_HEADER = YES;
				CLANG_WARN_RANGE_LOOP_ANALYSIS = YES;
				CLANG_WARN_STRICT_PROTOTYPES = YES;
				CLANG_WARN_SUSPICIOUS_MOVE = YES;
				CLANG_WARN_UNGUARDED_AVAILABILITY = YES_AGGRESSIVE;
				CLANG_WARN_UNREACHABLE_CODE = YES;
				CLANG_WARN__DUPLICATE_METHOD_MATCH = YES;
				COPY_PHASE_STRIP = NO;
				DEBUG_INFORMATION_FORMAT = dwarf;
				ENABLE_STRICT_OBJC_MSGSEND = YES;
				ENABLE_TESTABILITY = YES;
				ENABLE_USER_SCRIPT_SANDBOXING = YES;
				GCC_C_LANGUAGE_STANDARD = gnu17;
				GCC_DYNAMIC_NO_PIC = NO;
				GCC_NO_COMMON_BLOCKS = YES;
				GCC_OPTIMIZATION_LEVEL = 0;
				GCC_PREPROCESSOR_DEFINITIONS = (
					"DEBUG=1",
					"$(inherited)",
				);
				GCC_WARN_64_TO_32_BIT_CONVERSION = YES;
				GCC_WARN_ABOUT_RETURN_TYPE = YES_ERROR;
				GCC_WARN_UNDECLARED_SELECTOR = YES;
				GCC_WARN_UNINITIALIZED_AUTOS = YES_AGGRESSIVE;
				GCC_WARN_UNUSED_FUNCTION = YES;
				GCC_WARN_UNUSED_VARIABLE = YES;
				IPHONEOS_DEPLOYMENT_TARGET = 18.5;
				LOCALIZATION_PREFERS_STRING_CATALOGS = YES;
				MTL_ENABLE_DEBUG_INFO = INCLUDE_SOURCE;
				MTL_FAST_MATH = YES;
				ONLY_ACTIVE_ARCH = YES;
				SDKROOT = iphoneos;
				SWIFT_ACTIVE_COMPILATION_CONDITIONS = "DEBUG $(inherited)";
				SWIFT_OPTIMIZATION_LEVEL = "-Onone";
			};
			name = Debug;
		};
		D66271202E6C0D9E0050066D /* Release */ = {
			isa = XCBuildConfiguration;
			buildSettings = {
				ALWAYS_SEARCH_USER_PATHS = NO;
				ASSETCATALOG_COMPILER_GENERATE_SWIFT_ASSET_SYMBOL_EXTENSIONS = YES;
				CLANG_ANALYZER_NONNULL = YES;
				CLANG_ANALYZER_NUMBER_OBJECT_CONVERSION = YES_AGGRESSIVE;
				CLANG_CXX_LANGUAGE_STANDARD = "gnu++20";
				CLANG_ENABLE_MODULES = YES;
				CLANG_ENABLE_OBJC_ARC = YES;
				CLANG_ENABLE_OBJC_WEAK = YES;
				CLANG_WARN_BLOCK_CAPTURE_AUTORELEASING = YES;
				CLANG_WARN_BOOL_CONVERSION = YES;
				CLANG_WARN_COMMA = YES;
				CLANG_WARN_CONSTANT_CONVERSION = YES;
				CLANG_WARN_DEPRECATED_OBJC_IMPLEMENTATIONS = YES;
				CLANG_WARN_DIRECT_OBJC_ISA_USAGE = YES_ERROR;
				CLANG_WARN_DOCUMENTATION_COMMENTS = YES;
				CLANG_WARN_EMPTY_BODY = YES;
				CLANG_WARN_ENUM_CONVERSION = YES;
				CLANG_WARN_INFINITE_RECURSION = YES;
				CLANG_WARN_INT_CONVERSION = YES;
				CLANG_WARN_NON_LITERAL_NULL_CONVERSION = YES;
				CLANG_WARN_OBJC_IMPLICIT_RETAIN_SELF = YES;
				CLANG_WARN_OBJC_LITERAL_CONVERSION = YES;
				CLANG_WARN_OBJC_ROOT_CLASS = YES_ERROR;
				CLANG_WARN_QUOTED_INCLUDE_IN_FRAMEWORK_HEADER = YES;
				CLANG_WARN_RANGE_LOOP_ANALYSIS = YES;
				CLANG_WARN_STRICT_PROTOTYPES = YES;
				CLANG_WARN_SUSPICIOUS_MOVE = YES;
				CLANG_WARN_UNGUARDED_AVAILABILITY = YES_AGGRESSIVE;
				CLANG_WARN_UNREACHABLE_CODE = YES;
				CLANG_WARN__DUPLICATE_METHOD_MATCH = YES;
				COPY_PHASE_STRIP = NO;
				DEBUG_INFORMATION_FORMAT = "dwarf-with-dsym";
				ENABLE_NS_ASSERTIONS = NO;
				ENABLE_STRICT_OBJC_MSGSEND = YES;
				ENABLE_USER_SCRIPT_SANDBOXING = YES;
				GCC_C_LANGUAGE_STANDARD = gnu17;
				GCC_NO_COMMON_BLOCKS = YES;
				GCC_WARN_64_TO_32_BIT_CONVERSION = YES;
				GCC_WARN_ABOUT_RETURN_TYPE = YES_ERROR;
				GCC_WARN_UNDECLARED_SELECTOR = YES;
				GCC_WARN_UNINITIALIZED_AUTOS = YES_AGGRESSIVE;
				GCC_WARN_UNUSED_FUNCTION = YES;
				GCC_WARN_UNUSED_VARIABLE = YES;
				IPHONEOS_DEPLOYMENT_TARGET = 18.5;
				LOCALIZATION_PREFERS_STRING_CATALOGS = YES;
				MTL_ENABLE_DEBUG_INFO = NO;
				MTL_FAST_MATH = YES;
				SDKROOT = iphoneos;
				SWIFT_COMPILATION_MODE = wholemodule;
				VALIDATE_PRODUCT = YES;
			};
			name = Release;
		};
		D66271222E6C0D9E0050066D /* Debug */ = {
			isa = XCBuildConfiguration;
			buildSettings = {
				ASSETCATALOG_COMPILER_APPICON_NAME = AppIcon;
				ASSETCATALOG_COMPILER_GLOBAL_ACCENT_COLOR_NAME = AccentColor;
				CODE_SIGN_STYLE = Automatic;
				CURRENT_PROJECT_VERSION = 1;
				ENABLE_PREVIEWS = YES;
				GENERATE_INFOPLIST_FILE = YES;
				INFOPLIST_KEY_UIApplicationSceneManifest_Generation = YES;
				INFOPLIST_KEY_UIApplicationSupportsIndirectInputEvents = YES;
				INFOPLIST_KEY_UILaunchScreen_Generation = YES;
				INFOPLIST_KEY_UISupportedInterfaceOrientations_iPad = "UIInterfaceOrientationPortrait UIInterfaceOrientationPortraitUpsideDown UIInterfaceOrientationLandscapeLeft UIInterfaceOrientationLandscapeRight";
				INFOPLIST_KEY_UISupportedInterfaceOrientations_iPhone = "UIInterfaceOrientationPortrait UIInterfaceOrientationLandscapeLeft UIInterfaceOrientationLandscapeRight";
				LD_RUNPATH_SEARCH_PATHS = (
					"$(inherited)",
					"@executable_path/Frameworks",
				);
				MARKETING_VERSION = 1.0;
				PRODUCT_BUNDLE_IDENTIFIER = com.template.MatrixRainEffect;
				PRODUCT_NAME = "$(TARGET_NAME)";
				SWIFT_EMIT_LOC_STRINGS = YES;
				SWIFT_VERSION = 5.0;
				TARGETED_DEVICE_FAMILY = "1,2";
			};
			name = Debug;
		};
		D66271232E6C0D9E0050066D /* Release */ = {
			isa = XCBuildConfiguration;
			buildSettings = {
				ASSETCATALOG_COMPILER_APPICON_NAME = AppIcon;
				ASSETCATALOG_COMPILER_GLOBAL_ACCENT_COLOR_NAME = AccentColor;
				CODE_SIGN_STYLE = Automatic;
				CURRENT_PROJECT_VERSION = 1;
				ENABLE_PREVIEWS = YES;
				GENERATE_INFOPLIST_FILE = YES;
				INFOPLIST_KEY_UIApplicationSceneManifest_Generation = YES;
				INFOPLIST_KEY_UIApplicationSupportsIndirectInputEvents = YES;
				INFOPLIST_KEY_UILaunchScreen_Generation = YES;
				INFOPLIST_KEY_UISupportedInterfaceOrientations_iPad = "UIInterfaceOrientationPortrait UIInterfaceOrientationPortraitUpsideDown UIInterfaceOrientationLandscapeLeft UIInterfaceOrientationLandscapeRight";
				INFOPLIST_KEY_UISupportedInterfaceOrientations_iPhone = "UIInterfaceOrientationPortrait UIInterfaceOrientationLandscapeLeft UIInterfaceOrientationLandscapeRight";
				LD_RUNPATH_SEARCH_PATHS = (
					"$(inherited)",
					"@executable_path/Frameworks",
				);
				MARKETING_VERSION = 1.0;
				PRODUCT_BUNDLE_IDENTIFIER = com.template.MatrixRainEffect;
				PRODUCT_NAME = "$(TARGET_NAME)";
				SWIFT_EMIT_LOC_STRINGS = YES;
				SWIFT_VERSION = 5.0;
				TARGETED_DEVICE_FAMILY = "1,2";
			};
			name = Release;
		};
		D66271252E6C0D9E0050066D /* Debug */ = {
			isa = XCBuildConfiguration;
			buildSettings = {
				BUNDLE_LOADER = "$(TEST_HOST)";
				CODE_SIGN_STYLE = Automatic;
				CURRENT_PROJECT_VERSION = 1;
				GENERATE_INFOPLIST_FILE = YES;
				IPHONEOS_DEPLOYMENT_TARGET = 18.5;
				MARKETING_VERSION = 1.0;
				PRODUCT_BUNDLE_IDENTIFIER = com.template.MatrixRainEffectTests;
				PRODUCT_NAME = "$(TARGET_NAME)";
				SWIFT_EMIT_LOC_STRINGS = NO;
				SWIFT_VERSION = 5.0;
				TARGETED_DEVICE_FAMILY = "1,2";
				TEST_HOST = "$(BUILT_PRODUCTS_DIR)/MatrixRainEffect.app/$(BUNDLE_EXECUTABLE_FOLDER_PATH)/MatrixRainEffect";
			};
			name = Debug;
		};
		D66271262E6C0D9E0050066D /* Release */ = {
			isa = XCBuildConfiguration;
			buildSettings = {
				BUNDLE_LOADER = "$(TEST_HOST)";
				CODE_SIGN_STYLE = Automatic;
				CURRENT_PROJECT_VERSION = 1;
				GENERATE_INFOPLIST_FILE = YES;
				IPHONEOS_DEPLOYMENT_TARGET = 18.5;
				MARKETING_VERSION = 1.0;
				PRODUCT_BUNDLE_IDENTIFIER = com.template.MatrixRainEffectTests;
				PRODUCT_NAME = "$(TARGET_NAME)";
				SWIFT_EMIT_LOC_STRINGS = NO;
				SWIFT_VERSION = 5.0;
				TARGETED_DEVICE_FAMILY = "1,2";
				TEST_HOST = "$(BUILT_PRODUCTS_DIR)/MatrixRainEffect.app/$(BUNDLE_EXECUTABLE_FOLDER_PATH)/MatrixRainEffect";
			};
			name = Release;
		};
		D66271282E6C0D9E0050066D /* Debug */ = {
			isa = XCBuildConfiguration;
			buildSettings = {
				CODE_SIGN_STYLE = Automatic;
				CURRENT_PROJECT_VERSION = 1;
				GENERATE_INFOPLIST_FILE = YES;
				MARKETING_VERSION = 1.0;
				PRODUCT_BUNDLE_IDENTIFIER = com.template.MatrixRainEffectUITests;
				PRODUCT_NAME = "$(TARGET_NAME)";
				SWIFT_EMIT_LOC_STRINGS = NO;
				SWIFT_VERSION = 5.0;
				TARGETED_DEVICE_FAMILY = "1,2";
				TEST_TARGET_NAME = MatrixRainEffect;
			};
			name = Debug;
		};
		D66271292E6C0D9E0050066D /* Release */ = {
			isa = XCBuildConfiguration;
			buildSettings = {
				CODE_SIGN_STYLE = Automatic;
				CURRENT_PROJECT_VERSION = 1;
				GENERATE_INFOPLIST_FILE = YES;
				MARKETING_VERSION = 1.0;
				PRODUCT_BUNDLE_IDENTIFIER = com.template.MatrixRainEffectUITests;
				PRODUCT_NAME = "$(TARGET_NAME)";
				SWIFT_EMIT_LOC_STRINGS = NO;
				SWIFT_VERSION = 5.0;
				TARGETED_DEVICE_FAMILY = "1,2";
				TEST_TARGET_NAME = MatrixRainEffect;
			};
			name = Release;
		};
/* End XCBuildConfiguration section */

/* Begin XCConfigurationList section */
		D66270FB2E6C0D9B0050066D /* Build configuration list for PBXProject "MatrixRainEffect" */ = {
			isa = XCConfigurationList;
			buildConfigurations = (
				D662711F2E6C0D9E0050066D /* Debug */,
				D66271202E6C0D9E0050066D /* Release */,
			);
			defaultConfigurationIsVisible = 0;
			defaultConfigurationName = Release;
		};
		D66271212E6C0D9E0050066D /* Build configuration list for PBXNativeTarget "MatrixRainEffect" */ = {
			isa = XCConfigurationList;
			buildConfigurations = (
				D66271222E6C0D9E0050066D /* Debug */,
				D66271232E6C0D9E0050066D /* Release */,
			);
			defaultConfigurationIsVisible = 0;
			defaultConfigurationName = Release;
		};
		D66271242E6C0D9E0050066D /* Build configuration list for PBXNativeTarget "MatrixRainEffectTests" */ = {
			isa = XCConfigurationList;
			buildConfigurations = (
				D66271252E6C0D9E0050066D /* Debug */,
				D66271262E6C0D9E0050066D /* Release */,
			);
			defaultConfigurationIsVisible = 0;
			defaultConfigurationName = Release;
		};
		D66271272E6C0D9E0050066D /* Build configuration list for PBXNativeTarget "MatrixRainEffectUITests" */ = {
			isa = XCConfigurationList;
			buildConfigurations = (
				D66271282E6C0D9E0050066D /* Debug */,
				D66271292E6C0D9E0050066D /* Release */,
			);
			defaultConfigurationIsVisible = 0;
			defaultConfigurationName = Release;
		};
/* End XCConfigurationList section */
	};
	rootObject = D66270F82E6C0D9B0050066D /* Project object */;
}
